{
  "name": "mmm-pinfo",
  "version": "1.0.1",
  "lockfileVersion": 3,
  "requires": true,
  "packages": {
    "": {
      "name": "mmm-pinfo",
      "version": "1.0.1",
      "license": "MIT",
      "dependencies": {
        "systeminformation": "^5.27.1"
      }
    },
    "node_modules/systeminformation": {
      "version": "5.27.1",
      "resolved": "https://registry.npmjs.org/systeminformation/-/systeminformation-5.27.1.tgz",
      "integrity": "sha512-FgkVpT6GgATtNvADgtEzDxI/SVaBisfnQ4fmgQZhCJ4335noTgt9q6O81ioHwzs9HgnJaaFSdHSEMIkneZ55iA==",
      "license": "MIT",
      "os": [
        "darwin",
        "linux",
        "win32",
        "freebsd",
        "openbsd",
        "netbsd",
        "sunos",
        "android"
      ],
      "bin": {
        "systeminformation": "lib/cli.js"
      },
      "engines": {
        "node": ">=8.0.0"
      },
      "funding": {
        "type": "Buy me a coffee",
        "url": "https://www.buymeacoffee.com/systeminfo"
      }
    }
  }
}
