{
  "name": "mmm-pinfo",
  "version": "1.0.1",
  "lockfileVersion": 3,
  "requires": true,
  "packages": {
    "": {
      "name": "mmm-pinfo",
      "version": "1.0.1",
      "license": "MIT",
      "dependencies": {
        "async": "^3.2.5",
        "systeminformation": "^5.25.11"
      }
    },
    "node_modules/async": {
      "version": "3.2.5",
      "resolved": "https://registry.npmjs.org/async/-/async-3.2.5.tgz",
      "integrity": "sha512-baNZyqaaLhyLVKm/DlvdW051MSgO6b8eVfIezl9E5PqWxFgzLm/wQntEW4zOytVburDEr0JlALEpdOFwvErLsg=="
    },
    "node_modules/systeminformation": {
      "version": "5.26.0",
      "resolved": "https://registry.npmjs.org/systeminformation/-/systeminformation-5.26.0.tgz",
      "integrity": "sha512-ZwGnp+mUivoTPP48KeF6kuKfQFCjYmTKf7/A1grgF+Jv6i2OytoQV5gXefvcgfux+kA/MbxgyjOPGuOlIY8S5A==",
      "license": "MIT",
      "os": [
        "darwin",
        "linux",
        "win32",
        "freebsd",
        "openbsd",
        "netbsd",
        "sunos",
        "android"
      ],
      "bin": {
        "systeminformation": "lib/cli.js"
      },
      "engines": {
        "node": ">=8.0.0"
      },
      "funding": {
        "type": "Buy me a coffee",
        "url": "https://www.buymeacoffee.com/systeminfo"
      }
    }
  }
}
